// !$*UTF8*$!
{
	archiveVersion = 1;
	classes = {
	};
	objectVersion = 50;
	objects = {

/* Begin PBXBuildFile section */
		A96AA91621FFFCFA00BA4526 /* AppDelegate.swift in Sources */ = {isa = PBXBuildFile; fileRef = A96AA91521FFFCFA00BA4526 /* AppDelegate.swift */; };
		A96AA91821FFFCFA00BA4526 /* ViewController.swift in Sources */ = {isa = PBXBuildFile; fileRef = A96AA91721FFFCFA00BA4526 /* ViewController.swift */; };
		A96AA91B21FFFCFA00BA4526 /* Main.storyboard in Resources */ = {isa = PBXBuildFile; fileRef = A96AA91921FFFCFA00BA4526 /* Main.storyboard */; };
		A96AA91D21FFFCFC00BA4526 /* Assets.xcassets in Resources */ = {isa = PBXBuildFile; fileRef = A96AA91C21FFFCFC00BA4526 /* Assets.xcassets */; };
		A96AA92021FFFCFC00BA4526 /* LaunchScreen.storyboard in Resources */ = {isa = PBXBuildFile; fileRef = A96AA91E21FFFCFC00BA4526 /* LaunchScreen.storyboard */; };
		A96AA92821FFFD7700BA4526 /* MemeObject.swift in Sources */ = {isa = PBXBuildFile; fileRef = A96AA92721FFFD7700BA4526 /* MemeObject.swift */; };
		A96AA92B21FFFEA000BA4526 /* ImageTextFieldDelegate.swift in Sources */ = {isa = PBXBuildFile; fileRef = A96AA92A21FFFEA000BA4526 /* ImageTextFieldDelegate.swift */; };
		A96AA92E21FFFF7100BA4526 /* CustomTextField.swift in Sources */ = {isa = PBXBuildFile; fileRef = A96AA92D21FFFF7100BA4526 /* CustomTextField.swift */; };
		A96AA9302200069A00BA4526 /* SentMemesVC.swift in Sources */ = {isa = PBXBuildFile; fileRef = A96AA92F2200069A00BA4526 /* SentMemesVC.swift */; };
		A96AA932220006AD00BA4526 /* CollectionVC.swift in Sources */ = {isa = PBXBuildFile; fileRef = A96AA931220006AD00BA4526 /* CollectionVC.swift */; };
/* End PBXBuildFile section */

/* Begin PBXFileReference section */
		A96AA91221FFFCFA00BA4526 /* MemeMe 2.0.app */ = {isa = PBXFileReference; explicitFileType = wrapper.application; includeInIndex = 0; path = "MemeMe 2.0.app"; sourceTree = BUILT_PRODUCTS_DIR; };
		A96AA91521FFFCFA00BA4526 /* AppDelegate.swift */ = {isa = PBXFileReference; lastKnownFileType = sourcecode.swift; path = AppDelegate.swift; sourceTree = "<group>"; };
		A96AA91721FFFCFA00BA4526 /* ViewController.swift */ = {isa = PBXFileReference; lastKnownFileType = sourcecode.swift; path = ViewController.swift; sourceTree = "<group>"; };
		A96AA91A21FFFCFA00BA4526 /* Base */ = {isa = PBXFileReference; lastKnownFileType = file.storyboard; name = Base; path = Base.lproj/Main.storyboard; sourceTree = "<group>"; };
		A96AA91C21FFFCFC00BA4526 /* Assets.xcassets */ = {isa = PBXFileReference; lastKnownFileType = folder.assetcatalog; path = Assets.xcassets; sourceTree = "<group>"; };
		A96AA91F21FFFCFC00BA4526 /* Base */ = {isa = PBXFileReference; lastKnownFileType = file.storyboard; name = Base; path = Base.lproj/LaunchScreen.storyboard; sourceTree = "<group>"; };
		A96AA92121FFFCFC00BA4526 /* Info.plist */ = {isa = PBXFileReference; lastKnownFileType = text.plist.xml; path = Info.plist; sourceTree = "<group>"; };
		A96AA92721FFFD7700BA4526 /* MemeObject.swift */ = {isa = PBXFileReference; lastKnownFileType = sourcecode.swift; path = MemeObject.swift; sourceTree = "<group>"; };
		A96AA92A21FFFEA000BA4526 /* ImageTextFieldDelegate.swift */ = {isa = PBXFileReference; lastKnownFileType = sourcecode.swift; path = ImageTextFieldDelegate.swift; sourceTree = "<group>"; };
		A96AA92D21FFFF7100BA4526 /* CustomTextField.swift */ = {isa = PBXFileReference; lastKnownFileType = sourcecode.swift; path = CustomTextField.swift; sourceTree = "<group>"; };
		A96AA92F2200069A00BA4526 /* SentMemesVC.swift */ = {isa = PBXFileReference; lastKnownFileType = sourcecode.swift; path = SentMemesVC.swift; sourceTree = "<group>"; };
		A96AA931220006AD00BA4526 /* CollectionVC.swift */ = {isa = PBXFileReference; lastKnownFileType = sourcecode.swift; path = CollectionVC.swift; sourceTree = "<group>"; };
/* End PBXFileReference section */

/* Begin PBXFrameworksBuildPhase section */
		A96AA90F21FFFCFA00BA4526 /* Frameworks */ = {
			isa = PBXFrameworksBuildPhase;
			buildActionMask = 2147483647;
			files = (
			);
			runOnlyForDeploymentPostprocessing = 0;
		};
/* End PBXFrameworksBuildPhase section */

/* Begin PBXGroup section */
		A96AA90921FFFCFA00BA4526 = {
			isa = PBXGroup;
			children = (
				A96AA91421FFFCFA00BA4526 /* MemeMe 2.0 */,
				A96AA91321FFFCFA00BA4526 /* Products */,
			);
			sourceTree = "<group>";
		};
		A96AA91321FFFCFA00BA4526 /* Products */ = {
			isa = PBXGroup;
			children = (
				A96AA91221FFFCFA00BA4526 /* MemeMe 2.0.app */,
			);
			name = Products;
			sourceTree = "<group>";
		};
		A96AA91421FFFCFA00BA4526 /* MemeMe 2.0 */ = {
			isa = PBXGroup;
			children = (
				A96AA91521FFFCFA00BA4526 /* AppDelegate.swift */,
				A96AA91721FFFCFA00BA4526 /* ViewController.swift */,
				A96AA92F2200069A00BA4526 /* SentMemesVC.swift */,
				A96AA931220006AD00BA4526 /* CollectionVC.swift */,
				A96AA91921FFFCFA00BA4526 /* Main.storyboard */,
				A96AA91C21FFFCFC00BA4526 /* Assets.xcassets */,
				A96AA91E21FFFCFC00BA4526 /* LaunchScreen.storyboard */,
				A96AA92121FFFCFC00BA4526 /* Info.plist */,
				A96AA92721FFFD7700BA4526 /* MemeObject.swift */,
				A96AA92C21FFFF4C00BA4526 /* Custom classes */,
				A96AA92921FFFE7900BA4526 /* Delegates */,
			);
			path = "MemeMe 2.0";
			sourceTree = "<group>";
		};
		A96AA92921FFFE7900BA4526 /* Delegates */ = {
			isa = PBXGroup;
			children = (
				A96AA92A21FFFEA000BA4526 /* ImageTextFieldDelegate.swift */,
			);
			path = Delegates;
			sourceTree = "<group>";
		};
		A96AA92C21FFFF4C00BA4526 /* Custom classes */ = {
			isa = PBXGroup;
			children = (
				A96AA92D21FFFF7100BA4526 /* CustomTextField.swift */,
			);
			path = "Custom classes";
			sourceTree = "<group>";
		};
/* End PBXGroup section */

/* Begin PBXNativeTarget section */
		A96AA91121FFFCFA00BA4526 /* MemeMe 2.0 */ = {
			isa = PBXNativeTarget;
			buildConfigurationList = A96AA92421FFFCFC00BA4526 /* Build configuration list for PBXNativeTarget "MemeMe 2.0" */;
			buildPhases = (
				A96AA90E21FFFCFA00BA4526 /* Sources */,
				A96AA90F21FFFCFA00BA4526 /* Frameworks */,
				A96AA91021FFFCFA00BA4526 /* Resources */,
			);
			buildRules = (
			);
			dependencies = (
			);
			name = "MemeMe 2.0";
			productName = "MemeMe 2.0";
			productReference = A96AA91221FFFCFA00BA4526 /* MemeMe 2.0.app */;
			productType = "com.apple.product-type.application";
		};
/* End PBXNativeTarget section */

/* Begin PBXProject section */
		A96AA90A21FFFCFA00BA4526 /* Project object */ = {
			isa = PBXProject;
			attributes = {
				LastSwiftUpdateCheck = 1010;
				LastUpgradeCheck = 1010;
				ORGANIZATIONNAME = HappyWorld;
				TargetAttributes = {
					A96AA91121FFFCFA00BA4526 = {
						CreatedOnToolsVersion = 10.1;
					};
				};
			};
			buildConfigurationList = A96AA90D21FFFCFA00BA4526 /* Build configuration list for PBXProject "MemeMe 2.0" */;
			compatibilityVersion = "Xcode 9.3";
			developmentRegion = en;
			hasScannedForEncodings = 0;
			knownRegions = (
				en,
				Base,
			);
			mainGroup = A96AA90921FFFCFA00BA4526;
			productRefGroup = A96AA91321FFFCFA00BA4526 /* Products */;
			projectDirPath = "";
			projectRoot = "";
			targets = (
				A96AA91121FFFCFA00BA4526 /* MemeMe 2.0 */,
			);
		};
/* End PBXProject section */

/* Begin PBXResourcesBuildPhase section */
		A96AA91021FFFCFA00BA4526 /* Resources */ = {
			isa = PBXResourcesBuildPhase;
			buildActionMask = 2147483647;
			files = (
				A96AA92021FFFCFC00BA4526 /* LaunchScreen.storyboard in Resources */,
				A96AA91D21FFFCFC00BA4526 /* Assets.xcassets in Resources */,
				A96AA91B21FFFCFA00BA4526 /* Main.storyboard in Resources */,
			);
			runOnlyForDeploymentPostprocessing = 0;
		};
/* End PBXResourcesBuildPhase section */

/* Begin PBXSourcesBuildPhase section */
		A96AA90E21FFFCFA00BA4526 /* Sources */ = {
			isa = PBXSourcesBuildPhase;
			buildActionMask = 2147483647;
			files = (
				A96AA91821FFFCFA00BA4526 /* ViewController.swift in Sources */,
				A96AA92821FFFD7700BA4526 /* MemeObject.swift in Sources */,
				A96AA9302200069A00BA4526 /* SentMemesVC.swift in Sources */,
				A96AA92B21FFFEA000BA4526 /* ImageTextFieldDelegate.swift in Sources */,
				A96AA932220006AD00BA4526 /* CollectionVC.swift in Sources */,
				A96AA91621FFFCFA00BA4526 /* AppDelegate.swift in Sources */,
				A96AA92E21FFFF7100BA4526 /* CustomTextField.swift in Sources */,
			);
			runOnlyForDeploymentPostprocessing = 0;
		};
/* End PBXSourcesBuildPhase section */

/* Begin PBXVariantGroup section */
		A96AA91921FFFCFA00BA4526 /* Main.storyboard */ = {
			isa = PBXVariantGroup;
			children = (
				A96AA91A21FFFCFA00BA4526 /* Base */,
			);
			name = Main.storyboard;
			sourceTree = "<group>";
		};
		A96AA91E21FFFCFC00BA4526 /* LaunchScreen.storyboard */ = {
			isa = PBXVariantGroup;
			children = (
				A96AA91F21FFFCFC00BA4526 /* Base */,
			);
			name = LaunchScreen.storyboard;
			sourceTree = "<group>";
		};
/* End PBXVariantGroup section */

/* Begin XCBuildConfiguration section */
		A96AA92221FFFCFC00BA4526 /* Debug */ = {
			isa = XCBuildConfiguration;
			buildSettings = {
				ALWAYS_SEARCH_USER_PATHS = NO;
				CLANG_ANALYZER_NONNULL = YES;
				CLANG_ANALYZER_NUMBER_OBJECT_CONVERSION = YES_AGGRESSIVE;
				CLANG_CXX_LANGUAGE_STANDARD = "gnu++14";
				CLANG_CXX_LIBRARY = "libc++";
				CLANG_ENABLE_MODULES = YES;
				CLANG_ENABLE_OBJC_ARC = YES;
				CLANG_ENABLE_OBJC_WEAK = YES;
				CLANG_WARN_BLOCK_CAPTURE_AUTORELEASING = YES;
				CLANG_WARN_BOOL_CONVERSION = YES;
				CLANG_WARN_COMMA = YES;
				CLANG_WARN_CONSTANT_CONVERSION = YES;
				CLANG_WARN_DEPRECATED_OBJC_IMPLEMENTATIONS = YES;
				CLANG_WARN_DIRECT_OBJC_ISA_USAGE = YES_ERROR;
				CLANG_WARN_DOCUMENTATION_COMMENTS = YES;
				CLANG_WARN_EMPTY_BODY = YES;
				CLANG_WARN_ENUM_CONVERSION = YES;
				CLANG_WARN_INFINITE_RECURSION = YES;
				CLANG_WARN_INT_CONVERSION = YES;
				CLANG_WARN_NON_LITERAL_NULL_CONVERSION = YES;
				CLANG_WARN_OBJC_IMPLICIT_RETAIN_SELF = YES;
				CLANG_WARN_OBJC_LITERAL_CONVERSION = YES;
				CLANG_WARN_OBJC_ROOT_CLASS = YES_ERROR;
				CLANG_WARN_RANGE_LOOP_ANALYSIS = YES;
				CLANG_WARN_STRICT_PROTOTYPES = YES;
				CLANG_WARN_SUSPICIOUS_MOVE = YES;
				CLANG_WARN_UNGUARDED_AVAILABILITY = YES_AGGRESSIVE;
				CLANG_WARN_UNREACHABLE_CODE = YES;
				CLANG_WARN__DUPLICATE_METHOD_MATCH = YES;
				CODE_SIGN_IDENTITY = "iPhone Developer";
				COPY_PHASE_STRIP = NO;
				DEBUG_INFORMATION_FORMAT = dwarf;
				ENABLE_STRICT_OBJC_MSGSEND = YES;
				ENABLE_TESTABILITY = YES;
				GCC_C_LANGUAGE_STANDARD = gnu11;
				GCC_DYNAMIC_NO_PIC = NO;
				GCC_NO_COMMON_BLOCKS = YES;
				GCC_OPTIMIZATION_LEVEL = 0;
				GCC_PREPROCESSOR_DEFINITIONS = (
					"DEBUG=1",
					"$(inherited)",
				);
				GCC_WARN_64_TO_32_BIT_CONVERSION = YES;
				GCC_WARN_ABOUT_RETURN_TYPE = YES_ERROR;
				GCC_WARN_UNDECLARED_SELECTOR = YES;
				GCC_WARN_UNINITIALIZED_AUTOS = YES_AGGRESSIVE;
				GCC_WARN_UNUSED_FUNCTION = YES;
				GCC_WARN_UNUSED_VARIABLE = YES;
				IPHONEOS_DEPLOYMENT_TARGET = 12.1;
				MTL_ENABLE_DEBUG_INFO = INCLUDE_SOURCE;
				MTL_FAST_MATH = YES;
				ONLY_ACTIVE_ARCH = YES;
				SDKROOT = iphoneos;
				SWIFT_ACTIVE_COMPILATION_CONDITIONS = DEBUG;
				SWIFT_OPTIMIZATION_LEVEL = "-Onone";
			};
			name = Debug;
		};
		A96AA92321FFFCFC00BA4526 /* Release */ = {
			isa = XCBuildConfiguration;
			buildSettings = {
				ALWAYS_SEARCH_USER_PATHS = NO;
				CLANG_ANALYZER_NONNULL = YES;
				CLANG_ANALYZER_NUMBER_OBJECT_CONVERSION = YES_AGGRESSIVE;
				CLANG_CXX_LANGUAGE_STANDARD = "gnu++14";
				CLANG_CXX_LIBRARY = "libc++";
				CLANG_ENABLE_MODULES = YES;
				CLANG_ENABLE_OBJC_ARC = YES;
				CLANG_ENABLE_OBJC_WEAK = YES;
				CLANG_WARN_BLOCK_CAPTURE_AUTORELEASING = YES;
				CLANG_WARN_BOOL_CONVERSION = YES;
				CLANG_WARN_COMMA = YES;
				CLANG_WARN_CONSTANT_CONVERSION = YES;
				CLANG_WARN_DEPRECATED_OBJC_IMPLEMENTATIONS = YES;
				CLANG_WARN_DIRECT_OBJC_ISA_USAGE = YES_ERROR;
				CLANG_WARN_DOCUMENTATION_COMMENTS = YES;
				CLANG_WARN_EMPTY_BODY = YES;
				CLANG_WARN_ENUM_CONVERSION = YES;
				CLANG_WARN_INFINITE_RECURSION = YES;
				CLANG_WARN_INT_CONVERSION = YES;
				CLANG_WARN_NON_LITERAL_NULL_CONVERSION = YES;
				CLANG_WARN_OBJC_IMPLICIT_RETAIN_SELF = YES;
				CLANG_WARN_OBJC_LITERAL_CONVERSION = YES;
				CLANG_WARN_OBJC_ROOT_CLASS = YES_ERROR;
				CLANG_WARN_RANGE_LOOP_ANALYSIS = YES;
				CLANG_WARN_STRICT_PROTOTYPES = YES;
				CLANG_WARN_SUSPICIOUS_MOVE = YES;
				CLANG_WARN_UNGUARDED_AVAILABILITY = YES_AGGRESSIVE;
				CLANG_WARN_UNREACHABLE_CODE = YES;
				CLANG_WARN__DUPLICATE_METHOD_MATCH = YES;
				CODE_SIGN_IDENTITY = "iPhone Developer";
				COPY_PHASE_STRIP = NO;
				DEBUG_INFORMATION_FORMAT = "dwarf-with-dsym";
				ENABLE_NS_ASSERTIONS = NO;
				ENABLE_STRICT_OBJC_MSGSEND = YES;
				GCC_C_LANGUAGE_STANDARD = gnu11;
				GCC_NO_COMMON_BLOCKS = YES;
				GCC_WARN_64_TO_32_BIT_CONVERSION = YES;
				GCC_WARN_ABOUT_RETURN_TYPE = YES_ERROR;
				GCC_WARN_UNDECLARED_SELECTOR = YES;
				GCC_WARN_UNINITIALIZED_AUTOS = YES_AGGRESSIVE;
				GCC_WARN_UNUSED_FUNCTION = YES;
				GCC_WARN_UNUSED_VARIABLE = YES;
				IPHONEOS_DEPLOYMENT_TARGET = 12.1;
				MTL_ENABLE_DEBUG_INFO = NO;
				MTL_FAST_MATH = YES;
				SDKROOT = iphoneos;
				SWIFT_COMPILATION_MODE = wholemodule;
				SWIFT_OPTIMIZATION_LEVEL = "-O";
				VALIDATE_PRODUCT = YES;
			};
			name = Release;
		};
		A96AA92521FFFCFC00BA4526 /* Debug */ = {
			isa = XCBuildConfiguration;
			buildSettings = {
				ASSETCATALOG_COMPILER_APPICON_NAME = AppIcon;
				CODE_SIGN_STYLE = Automatic;
				INFOPLIST_FILE = "MemeMe 2.0/Info.plist";
				LD_RUNPATH_SEARCH_PATHS = (
					"$(inherited)",
					"@executable_path/Frameworks",
				);
				PRODUCT_BUNDLE_IDENTIFIER = "com.happyworld.MemeMe-2-0";
				PRODUCT_NAME = "$(TARGET_NAME)";
				SWIFT_VERSION = 4.2;
				TARGETED_DEVICE_FAMILY = "1,2";
			};
			name = Debug;
		};
		A96AA92621FFFCFC00BA4526 /* Release */ = {
			isa = XCBuildConfiguration;
			buildSettings = {
				ASSETCATALOG_COMPILER_APPICON_NAME = AppIcon;
				CODE_SIGN_STYLE = Automatic;
				INFOPLIST_FILE = "MemeMe 2.0/Info.plist";
				LD_RUNPATH_SEARCH_PATHS = (
					"$(inherited)",
					"@executable_path/Frameworks",
				);
				PRODUCT_BUNDLE_IDENTIFIER = "com.happyworld.MemeMe-2-0";
				PRODUCT_NAME = "$(TARGET_NAME)";
				SWIFT_VERSION = 4.2;
				TARGETED_DEVICE_FAMILY = "1,2";
			};
			name = Release;
		};
/* End XCBuildConfiguration section */

/* Begin XCConfigurationList section */
		A96AA90D21FFFCFA00BA4526 /* Build configuration list for PBXProject "MemeMe 2.0" */ = {
			isa = XCConfigurationList;
			buildConfigurations = (
				A96AA92221FFFCFC00BA4526 /* Debug */,
				A96AA92321FFFCFC00BA4526 /* Release */,
			);
			defaultConfigurationIsVisible = 0;
			defaultConfigurationName = Release;
		};
		A96AA92421FFFCFC00BA4526 /* Build configuration list for PBXNativeTarget "MemeMe 2.0" */ = {
			isa = XCConfigurationList;
			buildConfigurations = (
				A96AA92521FFFCFC00BA4526 /* Debug */,
				A96AA92621FFFCFC00BA4526 /* Release */,
			);
			defaultConfigurationIsVisible = 0;
			defaultConfigurationName = Release;
		};
/* End XCConfigurationList section */
	};
	rootObject = A96AA90A21FFFCFA00BA4526 /* Project object */;
}
