// !$*UTF8*$!
{
	archiveVersion = 1;
	classes = {
	};
	objectVersion = 50;
	objects = {

/* Begin PBXBuildFile section */
		A91A0E59224F078500E9481D /* AppDelegate.swift in Sources */ = {isa = PBXBuildFile; fileRef = A91A0E58224F078500E9481D /* AppDelegate.swift */; };
		A91A0E5B224F078500E9481D /* ViewController.swift in Sources */ = {isa = PBXBuildFile; fileRef = A91A0E5A224F078500E9481D /* ViewController.swift */; };
		A91A0E5E224F078500E9481D /* Main.storyboard in Resources */ = {isa = PBXBuildFile; fileRef = A91A0E5C224F078500E9481D /* Main.storyboard */; };
		A91A0E60224F078600E9481D /* Assets.xcassets in Resources */ = {isa = PBXBuildFile; fileRef = A91A0E5F224F078600E9481D /* Assets.xcassets */; };
		A91A0E63224F078600E9481D /* LaunchScreen.storyboard in Resources */ = {isa = PBXBuildFile; fileRef = A91A0E61224F078600E9481D /* LaunchScreen.storyboard */; };
		A91A0E8D2250089400E9481D /* NotificationCenter.framework in Frameworks */ = {isa = PBXBuildFile; fileRef = A91A0E76224F0ADF00E9481D /* NotificationCenter.framework */; };
		A91A0E902250089400E9481D /* TodayViewController.swift in Sources */ = {isa = PBXBuildFile; fileRef = A91A0E8F2250089400E9481D /* TodayViewController.swift */; };
		A91A0E932250089400E9481D /* MainInterface.storyboard in Resources */ = {isa = PBXBuildFile; fileRef = A91A0E912250089400E9481D /* MainInterface.storyboard */; };
		A91A0E972250089400E9481D /* Quote Widget.appex in Embed App Extensions */ = {isa = PBXBuildFile; fileRef = A91A0E8C2250089300E9481D /* Quote Widget.appex */; settings = {ATTRIBUTES = (RemoveHeadersOnCopy, ); }; };
		A91A0E9D225022CF00E9481D /* Assets.xcassets in Resources */ = {isa = PBXBuildFile; fileRef = A91A0E5F224F078600E9481D /* Assets.xcassets */; };
		A91A0E9E225027A300E9481D /* NetworkLayer.swift in Sources */ = {isa = PBXBuildFile; fileRef = A91A0E6E224F085800E9481D /* NetworkLayer.swift */; };
		A91A0E9F225027A300E9481D /* KanyeQuote.swift in Sources */ = {isa = PBXBuildFile; fileRef = A91A0E6C224F083700E9481D /* KanyeQuote.swift */; };
		A91A0EA0225027D600E9481D /* NetworkLayer.swift in Sources */ = {isa = PBXBuildFile; fileRef = A91A0E6E224F085800E9481D /* NetworkLayer.swift */; };
		A91A0EA1225027D600E9481D /* KanyeQuote.swift in Sources */ = {isa = PBXBuildFile; fileRef = A91A0E6C224F083700E9481D /* KanyeQuote.swift */; };
/* End PBXBuildFile section */

/* Begin PBXContainerItemProxy section */
		A91A0E952250089400E9481D /* PBXContainerItemProxy */ = {
			isa = PBXContainerItemProxy;
			containerPortal = A91A0E4D224F078500E9481D /* Project object */;
			proxyType = 1;
			remoteGlobalIDString = A91A0E8B2250089300E9481D;
			remoteInfo = "Quote Widget";
		};
/* End PBXContainerItemProxy section */

/* Begin PBXCopyFilesBuildPhase section */
		A91A0E85224F0ADF00E9481D /* Embed App Extensions */ = {
			isa = PBXCopyFilesBuildPhase;
			buildActionMask = 2147483647;
			dstPath = "";
			dstSubfolderSpec = 13;
			files = (
				A91A0E972250089400E9481D /* Quote Widget.appex in Embed App Extensions */,
			);
			name = "Embed App Extensions";
			runOnlyForDeploymentPostprocessing = 0;
		};
/* End PBXCopyFilesBuildPhase section */

/* Begin PBXFileReference section */
		A91A0E55224F078500E9481D /* Kanye Quote.app */ = {isa = PBXFileReference; explicitFileType = wrapper.application; includeInIndex = 0; path = "Kanye Quote.app"; sourceTree = BUILT_PRODUCTS_DIR; };
		A91A0E58224F078500E9481D /* AppDelegate.swift */ = {isa = PBXFileReference; lastKnownFileType = sourcecode.swift; path = AppDelegate.swift; sourceTree = "<group>"; };
		A91A0E5A224F078500E9481D /* ViewController.swift */ = {isa = PBXFileReference; lastKnownFileType = sourcecode.swift; path = ViewController.swift; sourceTree = "<group>"; };
		A91A0E5D224F078500E9481D /* Base */ = {isa = PBXFileReference; lastKnownFileType = file.storyboard; name = Base; path = Base.lproj/Main.storyboard; sourceTree = "<group>"; };
		A91A0E5F224F078600E9481D /* Assets.xcassets */ = {isa = PBXFileReference; lastKnownFileType = folder.assetcatalog; path = Assets.xcassets; sourceTree = "<group>"; };
		A91A0E62224F078600E9481D /* Base */ = {isa = PBXFileReference; lastKnownFileType = file.storyboard; name = Base; path = Base.lproj/LaunchScreen.storyboard; sourceTree = "<group>"; };
		A91A0E64224F078600E9481D /* Info.plist */ = {isa = PBXFileReference; lastKnownFileType = text.plist.xml; path = Info.plist; sourceTree = "<group>"; };
		A91A0E6C224F083700E9481D /* KanyeQuote.swift */ = {isa = PBXFileReference; lastKnownFileType = sourcecode.swift; path = KanyeQuote.swift; sourceTree = "<group>"; };
		A91A0E6E224F085800E9481D /* NetworkLayer.swift */ = {isa = PBXFileReference; lastKnownFileType = sourcecode.swift; path = NetworkLayer.swift; sourceTree = "<group>"; };
		A91A0E76224F0ADF00E9481D /* NotificationCenter.framework */ = {isa = PBXFileReference; lastKnownFileType = wrapper.framework; name = NotificationCenter.framework; path = System/Library/Frameworks/NotificationCenter.framework; sourceTree = SDKROOT; };
		A91A0E8C2250089300E9481D /* Quote Widget.appex */ = {isa = PBXFileReference; explicitFileType = "wrapper.app-extension"; includeInIndex = 0; path = "Quote Widget.appex"; sourceTree = BUILT_PRODUCTS_DIR; };
		A91A0E8F2250089400E9481D /* TodayViewController.swift */ = {isa = PBXFileReference; lastKnownFileType = sourcecode.swift; path = TodayViewController.swift; sourceTree = "<group>"; };
		A91A0E922250089400E9481D /* Base */ = {isa = PBXFileReference; lastKnownFileType = file.storyboard; name = Base; path = Base.lproj/MainInterface.storyboard; sourceTree = "<group>"; };
		A91A0E942250089400E9481D /* Info.plist */ = {isa = PBXFileReference; lastKnownFileType = text.plist.xml; path = Info.plist; sourceTree = "<group>"; };
/* End PBXFileReference section */

/* Begin PBXFrameworksBuildPhase section */
		A91A0E52224F078500E9481D /* Frameworks */ = {
			isa = PBXFrameworksBuildPhase;
			buildActionMask = 2147483647;
			files = (
			);
			runOnlyForDeploymentPostprocessing = 0;
		};
		A91A0E892250089300E9481D /* Frameworks */ = {
			isa = PBXFrameworksBuildPhase;
			buildActionMask = 2147483647;
			files = (
				A91A0E8D2250089400E9481D /* NotificationCenter.framework in Frameworks */,
			);
			runOnlyForDeploymentPostprocessing = 0;
		};
/* End PBXFrameworksBuildPhase section */

/* Begin PBXGroup section */
		A91A0E4C224F078500E9481D = {
			isa = PBXGroup;
			children = (
				A91A0E57224F078500E9481D /* Kanye Quote */,
				A91A0E8E2250089400E9481D /* Quote Widget */,
				A91A0E75224F0ADF00E9481D /* Frameworks */,
				A91A0E56224F078500E9481D /* Products */,
			);
			sourceTree = "<group>";
		};
		A91A0E56224F078500E9481D /* Products */ = {
			isa = PBXGroup;
			children = (
				A91A0E55224F078500E9481D /* Kanye Quote.app */,
				A91A0E8C2250089300E9481D /* Quote Widget.appex */,
			);
			name = Products;
			sourceTree = "<group>";
		};
		A91A0E57224F078500E9481D /* Kanye Quote */ = {
			isa = PBXGroup;
			children = (
				A91A0E6A224F078F00E9481D /* Model */,
				A91A0E6B224F079600E9481D /* View */,
				A91A0E5C224F078500E9481D /* Main.storyboard */,
				A91A0E5F224F078600E9481D /* Assets.xcassets */,
				A91A0E61224F078600E9481D /* LaunchScreen.storyboard */,
				A91A0E64224F078600E9481D /* Info.plist */,
			);
			path = "Kanye Quote";
			sourceTree = "<group>";
		};
		A91A0E6A224F078F00E9481D /* Model */ = {
			isa = PBXGroup;
			children = (
				A91A0E6E224F085800E9481D /* NetworkLayer.swift */,
				A91A0E6C224F083700E9481D /* KanyeQuote.swift */,
				A91A0E58224F078500E9481D /* AppDelegate.swift */,
			);
			path = Model;
			sourceTree = "<group>";
		};
		A91A0E6B224F079600E9481D /* View */ = {
			isa = PBXGroup;
			children = (
				A91A0E5A224F078500E9481D /* ViewController.swift */,
			);
			path = View;
			sourceTree = "<group>";
		};
		A91A0E75224F0ADF00E9481D /* Frameworks */ = {
			isa = PBXGroup;
			children = (
				A91A0E76224F0ADF00E9481D /* NotificationCenter.framework */,
			);
			name = Frameworks;
			sourceTree = "<group>";
		};
		A91A0E8E2250089400E9481D /* Quote Widget */ = {
			isa = PBXGroup;
			children = (
				A91A0E8F2250089400E9481D /* TodayViewController.swift */,
				A91A0E912250089400E9481D /* MainInterface.storyboard */,
				A91A0E942250089400E9481D /* Info.plist */,
			);
			path = "Quote Widget";
			sourceTree = "<group>";
		};
/* End PBXGroup section */

/* Begin PBXNativeTarget section */
		A91A0E54224F078500E9481D /* Kanye Quote */ = {
			isa = PBXNativeTarget;
			buildConfigurationList = A91A0E67224F078600E9481D /* Build configuration list for PBXNativeTarget "Kanye Quote" */;
			buildPhases = (
				A91A0E51224F078500E9481D /* Sources */,
				A91A0E52224F078500E9481D /* Frameworks */,
				A91A0E53224F078500E9481D /* Resources */,
				A91A0E85224F0ADF00E9481D /* Embed App Extensions */,
			);
			buildRules = (
			);
			dependencies = (
				A91A0E962250089400E9481D /* PBXTargetDependency */,
			);
			name = "Kanye Quote";
			productName = "Kanye Quote";
			productReference = A91A0E55224F078500E9481D /* Kanye Quote.app */;
			productType = "com.apple.product-type.application";
		};
		A91A0E8B2250089300E9481D /* Quote Widget */ = {
			isa = PBXNativeTarget;
			buildConfigurationList = A91A0E982250089400E9481D /* Build configuration list for PBXNativeTarget "Quote Widget" */;
			buildPhases = (
				A91A0E882250089300E9481D /* Sources */,
				A91A0E892250089300E9481D /* Frameworks */,
				A91A0E8A2250089300E9481D /* Resources */,
			);
			buildRules = (
			);
			dependencies = (
			);
			name = "Quote Widget";
			productName = "Quote Widget";
			productReference = A91A0E8C2250089300E9481D /* Quote Widget.appex */;
			productType = "com.apple.product-type.app-extension";
		};
/* End PBXNativeTarget section */

/* Begin PBXProject section */
		A91A0E4D224F078500E9481D /* Project object */ = {
			isa = PBXProject;
			attributes = {
				LastSwiftUpdateCheck = 1020;
				LastUpgradeCheck = 1020;
				ORGANIZATIONNAME = HappyWorld;
				TargetAttributes = {
					A91A0E54224F078500E9481D = {
						CreatedOnToolsVersion = 10.2;
					};
					A91A0E8B2250089300E9481D = {
						CreatedOnToolsVersion = 10.2;
					};
				};
			};
			buildConfigurationList = A91A0E50224F078500E9481D /* Build configuration list for PBXProject "Kanye Quote" */;
			compatibilityVersion = "Xcode 9.3";
			developmentRegion = en;
			hasScannedForEncodings = 0;
			knownRegions = (
				en,
				Base,
			);
			mainGroup = A91A0E4C224F078500E9481D;
			productRefGroup = A91A0E56224F078500E9481D /* Products */;
			projectDirPath = "";
			projectRoot = "";
			targets = (
				A91A0E54224F078500E9481D /* Kanye Quote */,
				A91A0E8B2250089300E9481D /* Quote Widget */,
			);
		};
/* End PBXProject section */

/* Begin PBXResourcesBuildPhase section */
		A91A0E53224F078500E9481D /* Resources */ = {
			isa = PBXResourcesBuildPhase;
			buildActionMask = 2147483647;
			files = (
				A91A0E63224F078600E9481D /* LaunchScreen.storyboard in Resources */,
				A91A0E60224F078600E9481D /* Assets.xcassets in Resources */,
				A91A0E5E224F078500E9481D /* Main.storyboard in Resources */,
			);
			runOnlyForDeploymentPostprocessing = 0;
		};
		A91A0E8A2250089300E9481D /* Resources */ = {
			isa = PBXResourcesBuildPhase;
			buildActionMask = 2147483647;
			files = (
				A91A0E9D225022CF00E9481D /* Assets.xcassets in Resources */,
				A91A0E932250089400E9481D /* MainInterface.storyboard in Resources */,
			);
			runOnlyForDeploymentPostprocessing = 0;
		};
/* End PBXResourcesBuildPhase section */

/* Begin PBXSourcesBuildPhase section */
		A91A0E51224F078500E9481D /* Sources */ = {
			isa = PBXSourcesBuildPhase;
			buildActionMask = 2147483647;
			files = (
				A91A0E9E225027A300E9481D /* NetworkLayer.swift in Sources */,
				A91A0E9F225027A300E9481D /* KanyeQuote.swift in Sources */,
				A91A0E5B224F078500E9481D /* ViewController.swift in Sources */,
				A91A0E59224F078500E9481D /* AppDelegate.swift in Sources */,
			);
			runOnlyForDeploymentPostprocessing = 0;
		};
		A91A0E882250089300E9481D /* Sources */ = {
			isa = PBXSourcesBuildPhase;
			buildActionMask = 2147483647;
			files = (
				A91A0EA0225027D600E9481D /* NetworkLayer.swift in Sources */,
				A91A0EA1225027D600E9481D /* KanyeQuote.swift in Sources */,
				A91A0E902250089400E9481D /* TodayViewController.swift in Sources */,
			);
			runOnlyForDeploymentPostprocessing = 0;
		};
/* End PBXSourcesBuildPhase section */

/* Begin PBXTargetDependency section */
		A91A0E962250089400E9481D /* PBXTargetDependency */ = {
			isa = PBXTargetDependency;
			target = A91A0E8B2250089300E9481D /* Quote Widget */;
			targetProxy = A91A0E952250089400E9481D /* PBXContainerItemProxy */;
		};
/* End PBXTargetDependency section */

/* Begin PBXVariantGroup section */
		A91A0E5C224F078500E9481D /* Main.storyboard */ = {
			isa = PBXVariantGroup;
			children = (
				A91A0E5D224F078500E9481D /* Base */,
			);
			name = Main.storyboard;
			sourceTree = "<group>";
		};
		A91A0E61224F078600E9481D /* LaunchScreen.storyboard */ = {
			isa = PBXVariantGroup;
			children = (
				A91A0E62224F078600E9481D /* Base */,
			);
			name = LaunchScreen.storyboard;
			sourceTree = "<group>";
		};
		A91A0E912250089400E9481D /* MainInterface.storyboard */ = {
			isa = PBXVariantGroup;
			children = (
				A91A0E922250089400E9481D /* Base */,
			);
			name = MainInterface.storyboard;
			sourceTree = "<group>";
		};
/* End PBXVariantGroup section */

/* Begin XCBuildConfiguration section */
		A91A0E65224F078600E9481D /* Debug */ = {
			isa = XCBuildConfiguration;
			buildSettings = {
				ALWAYS_SEARCH_USER_PATHS = NO;
				CLANG_ANALYZER_NONNULL = YES;
				CLANG_ANALYZER_NUMBER_OBJECT_CONVERSION = YES_AGGRESSIVE;
				CLANG_CXX_LANGUAGE_STANDARD = "gnu++14";
				CLANG_CXX_LIBRARY = "libc++";
				CLANG_ENABLE_MODULES = YES;
				CLANG_ENABLE_OBJC_ARC = YES;
				CLANG_ENABLE_OBJC_WEAK = YES;
				CLANG_WARN_BLOCK_CAPTURE_AUTORELEASING = YES;
				CLANG_WARN_BOOL_CONVERSION = YES;
				CLANG_WARN_COMMA = YES;
				CLANG_WARN_CONSTANT_CONVERSION = YES;
				CLANG_WARN_DEPRECATED_OBJC_IMPLEMENTATIONS = YES;
				CLANG_WARN_DIRECT_OBJC_ISA_USAGE = YES_ERROR;
				CLANG_WARN_DOCUMENTATION_COMMENTS = YES;
				CLANG_WARN_EMPTY_BODY = YES;
				CLANG_WARN_ENUM_CONVERSION = YES;
				CLANG_WARN_INFINITE_RECURSION = YES;
				CLANG_WARN_INT_CONVERSION = YES;
				CLANG_WARN_NON_LITERAL_NULL_CONVERSION = YES;
				CLANG_WARN_OBJC_IMPLICIT_RETAIN_SELF = YES;
				CLANG_WARN_OBJC_LITERAL_CONVERSION = YES;
				CLANG_WARN_OBJC_ROOT_CLASS = YES_ERROR;
				CLANG_WARN_RANGE_LOOP_ANALYSIS = YES;
				CLANG_WARN_STRICT_PROTOTYPES = YES;
				CLANG_WARN_SUSPICIOUS_MOVE = YES;
				CLANG_WARN_UNGUARDED_AVAILABILITY = YES_AGGRESSIVE;
				CLANG_WARN_UNREACHABLE_CODE = YES;
				CLANG_WARN__DUPLICATE_METHOD_MATCH = YES;
				CODE_SIGN_IDENTITY = "iPhone Developer";
				COPY_PHASE_STRIP = NO;
				DEBUG_INFORMATION_FORMAT = dwarf;
				ENABLE_STRICT_OBJC_MSGSEND = YES;
				ENABLE_TESTABILITY = YES;
				GCC_C_LANGUAGE_STANDARD = gnu11;
				GCC_DYNAMIC_NO_PIC = NO;
				GCC_NO_COMMON_BLOCKS = YES;
				GCC_OPTIMIZATION_LEVEL = 0;
				GCC_PREPROCESSOR_DEFINITIONS = (
					"DEBUG=1",
					"$(inherited)",
				);
				GCC_WARN_64_TO_32_BIT_CONVERSION = YES;
				GCC_WARN_ABOUT_RETURN_TYPE = YES_ERROR;
				GCC_WARN_UNDECLARED_SELECTOR = YES;
				GCC_WARN_UNINITIALIZED_AUTOS = YES_AGGRESSIVE;
				GCC_WARN_UNUSED_FUNCTION = YES;
				GCC_WARN_UNUSED_VARIABLE = YES;
				IPHONEOS_DEPLOYMENT_TARGET = 12.2;
				MTL_ENABLE_DEBUG_INFO = INCLUDE_SOURCE;
				MTL_FAST_MATH = YES;
				ONLY_ACTIVE_ARCH = YES;
				SDKROOT = iphoneos;
				SWIFT_ACTIVE_COMPILATION_CONDITIONS = DEBUG;
				SWIFT_OPTIMIZATION_LEVEL = "-Onone";
			};
			name = Debug;
		};
		A91A0E66224F078600E9481D /* Release */ = {
			isa = XCBuildConfiguration;
			buildSettings = {
				ALWAYS_SEARCH_USER_PATHS = NO;
				CLANG_ANALYZER_NONNULL = YES;
				CLANG_ANALYZER_NUMBER_OBJECT_CONVERSION = YES_AGGRESSIVE;
				CLANG_CXX_LANGUAGE_STANDARD = "gnu++14";
				CLANG_CXX_LIBRARY = "libc++";
				CLANG_ENABLE_MODULES = YES;
				CLANG_ENABLE_OBJC_ARC = YES;
				CLANG_ENABLE_OBJC_WEAK = YES;
				CLANG_WARN_BLOCK_CAPTURE_AUTORELEASING = YES;
				CLANG_WARN_BOOL_CONVERSION = YES;
				CLANG_WARN_COMMA = YES;
				CLANG_WARN_CONSTANT_CONVERSION = YES;
				CLANG_WARN_DEPRECATED_OBJC_IMPLEMENTATIONS = YES;
				CLANG_WARN_DIRECT_OBJC_ISA_USAGE = YES_ERROR;
				CLANG_WARN_DOCUMENTATION_COMMENTS = YES;
				CLANG_WARN_EMPTY_BODY = YES;
				CLANG_WARN_ENUM_CONVERSION = YES;
				CLANG_WARN_INFINITE_RECURSION = YES;
				CLANG_WARN_INT_CONVERSION = YES;
				CLANG_WARN_NON_LITERAL_NULL_CONVERSION = YES;
				CLANG_WARN_OBJC_IMPLICIT_RETAIN_SELF = YES;
				CLANG_WARN_OBJC_LITERAL_CONVERSION = YES;
				CLANG_WARN_OBJC_ROOT_CLASS = YES_ERROR;
				CLANG_WARN_RANGE_LOOP_ANALYSIS = YES;
				CLANG_WARN_STRICT_PROTOTYPES = YES;
				CLANG_WARN_SUSPICIOUS_MOVE = YES;
				CLANG_WARN_UNGUARDED_AVAILABILITY = YES_AGGRESSIVE;
				CLANG_WARN_UNREACHABLE_CODE = YES;
				CLANG_WARN__DUPLICATE_METHOD_MATCH = YES;
				CODE_SIGN_IDENTITY = "iPhone Developer";
				COPY_PHASE_STRIP = NO;
				DEBUG_INFORMATION_FORMAT = "dwarf-with-dsym";
				ENABLE_NS_ASSERTIONS = NO;
				ENABLE_STRICT_OBJC_MSGSEND = YES;
				GCC_C_LANGUAGE_STANDARD = gnu11;
				GCC_NO_COMMON_BLOCKS = YES;
				GCC_WARN_64_TO_32_BIT_CONVERSION = YES;
				GCC_WARN_ABOUT_RETURN_TYPE = YES_ERROR;
				GCC_WARN_UNDECLARED_SELECTOR = YES;
				GCC_WARN_UNINITIALIZED_AUTOS = YES_AGGRESSIVE;
				GCC_WARN_UNUSED_FUNCTION = YES;
				GCC_WARN_UNUSED_VARIABLE = YES;
				IPHONEOS_DEPLOYMENT_TARGET = 12.2;
				MTL_ENABLE_DEBUG_INFO = NO;
				MTL_FAST_MATH = YES;
				SDKROOT = iphoneos;
				SWIFT_COMPILATION_MODE = wholemodule;
				SWIFT_OPTIMIZATION_LEVEL = "-O";
				VALIDATE_PRODUCT = YES;
			};
			name = Release;
		};
		A91A0E68224F078600E9481D /* Debug */ = {
			isa = XCBuildConfiguration;
			buildSettings = {
				ALWAYS_EMBED_SWIFT_STANDARD_LIBRARIES = YES;
				ASSETCATALOG_COMPILER_APPICON_NAME = AppIcon;
				CODE_SIGN_STYLE = Automatic;
				INFOPLIST_FILE = "Kanye Quote/Info.plist";
				LD_RUNPATH_SEARCH_PATHS = (
					"$(inherited)",
					"@executable_path/Frameworks",
				);
				PRODUCT_BUNDLE_IDENTIFIER = "com.happyworld.Kanye-Quote";
				PRODUCT_NAME = "$(TARGET_NAME)";
				SWIFT_VERSION = 5.0;
				TARGETED_DEVICE_FAMILY = "1,2";
			};
			name = Debug;
		};
		A91A0E69224F078600E9481D /* Release */ = {
			isa = XCBuildConfiguration;
			buildSettings = {
				ALWAYS_EMBED_SWIFT_STANDARD_LIBRARIES = YES;
				ASSETCATALOG_COMPILER_APPICON_NAME = AppIcon;
				CODE_SIGN_STYLE = Automatic;
				INFOPLIST_FILE = "Kanye Quote/Info.plist";
				LD_RUNPATH_SEARCH_PATHS = (
					"$(inherited)",
					"@executable_path/Frameworks",
				);
				PRODUCT_BUNDLE_IDENTIFIER = "com.happyworld.Kanye-Quote";
				PRODUCT_NAME = "$(TARGET_NAME)";
				SWIFT_VERSION = 5.0;
				TARGETED_DEVICE_FAMILY = "1,2";
			};
			name = Release;
		};
		A91A0E992250089400E9481D /* Debug */ = {
			isa = XCBuildConfiguration;
			buildSettings = {
				CODE_SIGN_STYLE = Automatic;
				INFOPLIST_FILE = "Quote Widget/Info.plist";
				LD_RUNPATH_SEARCH_PATHS = (
					"$(inherited)",
					"@executable_path/Frameworks",
					"@executable_path/../../Frameworks",
				);
				PRODUCT_BUNDLE_IDENTIFIER = "com.happyworld.Kanye-Quote.Quote-Widget";
				PRODUCT_NAME = "$(TARGET_NAME)";
				SKIP_INSTALL = YES;
				SWIFT_VERSION = 5.0;
				TARGETED_DEVICE_FAMILY = "1,2";
			};
			name = Debug;
		};
		A91A0E9A2250089400E9481D /* Release */ = {
			isa = XCBuildConfiguration;
			buildSettings = {
				CODE_SIGN_STYLE = Automatic;
				INFOPLIST_FILE = "Quote Widget/Info.plist";
				LD_RUNPATH_SEARCH_PATHS = (
					"$(inherited)",
					"@executable_path/Frameworks",
					"@executable_path/../../Frameworks",
				);
				PRODUCT_BUNDLE_IDENTIFIER = "com.happyworld.Kanye-Quote.Quote-Widget";
				PRODUCT_NAME = "$(TARGET_NAME)";
				SKIP_INSTALL = YES;
				SWIFT_VERSION = 5.0;
				TARGETED_DEVICE_FAMILY = "1,2";
			};
			name = Release;
		};
/* End XCBuildConfiguration section */

/* Begin XCConfigurationList section */
		A91A0E50224F078500E9481D /* Build configuration list for PBXProject "Kanye Quote" */ = {
			isa = XCConfigurationList;
			buildConfigurations = (
				A91A0E65224F078600E9481D /* Debug */,
				A91A0E66224F078600E9481D /* Release */,
			);
			defaultConfigurationIsVisible = 0;
			defaultConfigurationName = Release;
		};
		A91A0E67224F078600E9481D /* Build configuration list for PBXNativeTarget "Kanye Quote" */ = {
			isa = XCConfigurationList;
			buildConfigurations = (
				A91A0E68224F078600E9481D /* Debug */,
				A91A0E69224F078600E9481D /* Release */,
			);
			defaultConfigurationIsVisible = 0;
			defaultConfigurationName = Release;
		};
		A91A0E982250089400E9481D /* Build configuration list for PBXNativeTarget "Quote Widget" */ = {
			isa = XCConfigurationList;
			buildConfigurations = (
				A91A0E992250089400E9481D /* Debug */,
				A91A0E9A2250089400E9481D /* Release */,
			);
			defaultConfigurationIsVisible = 0;
			defaultConfigurationName = Release;
		};
/* End XCConfigurationList section */
	};
	rootObject = A91A0E4D224F078500E9481D /* Project object */;
}
